
Microsoft Visual Studio Solution File, Format Version 12.00
# Visual Studio 15
VisualStudioVersion = 15.0.28307.1927
MinimumVisualStudioVersion = 10.0.40219.1
Project("{FAE04EC0-301F-11D3-BF4B-00C04F79EFBC}") = "NameAge", "NameAge\NameAge.csproj", "{7FCFD2A2-DA8D-4E6B-BC37-F003CE1251C6}"
EndProject
Global
	GlobalSection(SolutionConfigurationPlatforms) = preSolution
		Debug|Any CPU = Debug|Any CPU
		Release|Any CPU = Release|Any CPU
	EndGlobalSection
	GlobalSection(ProjectConfigurationPlatforms) = postSolution
		{7FCFD2A2-DA8D-4E6B-BC37-F003CE1251C6}.Debug|Any CPU.ActiveCfg = Debug|Any CPU
		{7FCFD2A2-DA8D-4E6B-BC37-F003CE1251C6}.Debug|Any CPU.Build.0 = Debug|Any CPU
		{7FCFD2A2-DA8D-4E6B-BC37-F003CE1251C6}.Release|Any CPU.ActiveCfg = Release|Any CPU
		{7FCFD2A2-DA8D-4E6B-BC37-F003CE1251C6}.Release|Any CPU.Build.0 = Release|Any CPU
	EndGlobalSection
	GlobalSection(SolutionProperties) = preSolution
		HideSolutionNode = FALSE
	EndGlobalSection
	GlobalSection(ExtensibilityGlobals) = postSolution
		SolutionGuid = {8F1167DA-7087-41A6-AB30-AB9DD430CAA7}
	EndGlobalSection
EndGlobal
